
Microsoft Visual Studio Solution File, Format Version 12.00
# Visual Studio 2012
Project("{FAE04EC0-301F-11D3-BF4B-00C04F79EFBC}") = "PartyInvites-Git", "PartyInvites-Git\PartyInvites-Git.csproj", "{7C9C2785-69B6-4AD3-85CF-6A09DE73B5A8}"
EndProject
Project("{FAE04EC0-301F-11D3-BF4B-00C04F79EFBC}") = "PartyInvites-Git.Tests", "PartyInvites-Git.Tests\PartyInvites-Git.Tests.csproj", "{42B9B016-2CB4-4504-AF21-A573672AF8FD}"
EndProject
Global
	GlobalSection(SolutionConfigurationPlatforms) = preSolution
		Debug|Any CPU = Debug|Any CPU
		Release|Any CPU = Release|Any CPU
	EndGlobalSection
	GlobalSection(ProjectConfigurationPlatforms) = postSolution
		{7C9C2785-69B6-4AD3-85CF-6A09DE73B5A8}.Debug|Any CPU.ActiveCfg = Debug|Any CPU
		{7C9C2785-69B6-4AD3-85CF-6A09DE73B5A8}.Debug|Any CPU.Build.0 = Debug|Any CPU
		{7C9C2785-69B6-4AD3-85CF-6A09DE73B5A8}.Release|Any CPU.ActiveCfg = Release|Any CPU
		{7C9C2785-69B6-4AD3-85CF-6A09DE73B5A8}.Release|Any CPU.Build.0 = Release|Any CPU
		{42B9B016-2CB4-4504-AF21-A573672AF8FD}.Debug|Any CPU.ActiveCfg = Debug|Any CPU
		{42B9B016-2CB4-4504-AF21-A573672AF8FD}.Debug|Any CPU.Build.0 = Debug|Any CPU
		{42B9B016-2CB4-4504-AF21-A573672AF8FD}.Release|Any CPU.ActiveCfg = Release|Any CPU
		{42B9B016-2CB4-4504-AF21-A573672AF8FD}.Release|Any CPU.Build.0 = Release|Any CPU
	EndGlobalSection
	GlobalSection(SolutionProperties) = preSolution
		HideSolutionNode = FALSE
	EndGlobalSection
EndGlobal
